
Microsoft Visual Studio Solution File, Format Version 12.00
Project("{FAE04EC0-301F-11D3-BF4B-00C04F79EFBC}") = "BattleRoyale", "BattleRoyale\BattleRoyale.csproj", "{45F52C6E-98D2-48D4-B051-32D81097A15D}"
EndProject
Global
	GlobalSection(SolutionConfigurationPlatforms) = preSolution
		Debug|Any CPU = Debug|Any CPU
		Release|Any CPU = Release|Any CPU
	EndGlobalSection
	GlobalSection(ProjectConfigurationPlatforms) = postSolution
		{45F52C6E-98D2-48D4-B051-32D81097A15D}.Debug|Any CPU.ActiveCfg = Debug|Any CPU
		{45F52C6E-98D2-48D4-B051-32D81097A15D}.Debug|Any CPU.Build.0 = Debug|Any CPU
		{45F52C6E-98D2-48D4-B051-32D81097A15D}.Release|Any CPU.ActiveCfg = Release|Any CPU
		{45F52C6E-98D2-48D4-B051-32D81097A15D}.Release|Any CPU.Build.0 = Release|Any CPU
	EndGlobalSection
EndGlobal
